// !$*UTF8*$!
{
	archiveVersion = 1;
	classes = {
	};
	objectVersion = 50;
	objects = {

/* Begin PBXBuildFile section */
		4DBE1F8F23C328C900B8FD37 /* AppDelegate.swift in Sources */ = {isa = PBXBuildFile; fileRef = 4DBE1F8E23C328C900B8FD37 /* AppDelegate.swift */; };
		4DBE1F9123C328C900B8FD37 /* SceneDelegate.swift in Sources */ = {isa = PBXBuildFile; fileRef = 4DBE1F9023C328C900B8FD37 /* SceneDelegate.swift */; };
		4DBE1F9323C328C900B8FD37 /* ContentView.swift in Sources */ = {isa = PBXBuildFile; fileRef = 4DBE1F9223C328C900B8FD37 /* ContentView.swift */; };
		4DBE1F9523C328C900B8FD37 /* Assets.xcassets in Resources */ = {isa = PBXBuildFile; fileRef = 4DBE1F9423C328C900B8FD37 /* Assets.xcassets */; };
		4DBE1F9823C328C900B8FD37 /* Preview Assets.xcassets in Resources */ = {isa = PBXBuildFile; fileRef = 4DBE1F9723C328C900B8FD37 /* Preview Assets.xcassets */; };
		4DBE1F9B23C328C900B8FD37 /* LaunchScreen.storyboard in Resources */ = {isa = PBXBuildFile; fileRef = 4DBE1F9923C328C900B8FD37 /* LaunchScreen.storyboard */; };
		4DC8DBC123C3384B00BA1D91 /* NetworkManager.swift in Sources */ = {isa = PBXBuildFile; fileRef = 4DC8DBC023C3384B00BA1D91 /* NetworkManager.swift */; };
		4DC8DBC323C339F800BA1D91 /* PostData.swift in Sources */ = {isa = PBXBuildFile; fileRef = 4DC8DBC223C339F800BA1D91 /* PostData.swift */; };
		4DC8DBC723C341CD00BA1D91 /* DetailView.swift in Sources */ = {isa = PBXBuildFile; fileRef = 4DC8DBC623C341CD00BA1D91 /* DetailView.swift */; };
		4DC8DBC923C3458400BA1D91 /* WebView.swift in Sources */ = {isa = PBXBuildFile; fileRef = 4DC8DBC823C3458400BA1D91 /* WebView.swift */; };
/* End PBXBuildFile section */

/* Begin PBXFileReference section */
		4DBE1F8B23C328C900B8FD37 /* H4X0R News.app */ = {isa = PBXFileReference; explicitFileType = wrapper.application; includeInIndex = 0; path = "H4X0R News.app"; sourceTree = BUILT_PRODUCTS_DIR; };
		4DBE1F8E23C328C900B8FD37 /* AppDelegate.swift */ = {isa = PBXFileReference; lastKnownFileType = sourcecode.swift; path = AppDelegate.swift; sourceTree = "<group>"; };
		4DBE1F9023C328C900B8FD37 /* SceneDelegate.swift */ = {isa = PBXFileReference; lastKnownFileType = sourcecode.swift; path = SceneDelegate.swift; sourceTree = "<group>"; };
		4DBE1F9223C328C900B8FD37 /* ContentView.swift */ = {isa = PBXFileReference; lastKnownFileType = sourcecode.swift; path = ContentView.swift; sourceTree = "<group>"; };
		4DBE1F9423C328C900B8FD37 /* Assets.xcassets */ = {isa = PBXFileReference; lastKnownFileType = folder.assetcatalog; path = Assets.xcassets; sourceTree = "<group>"; };
		4DBE1F9723C328C900B8FD37 /* Preview Assets.xcassets */ = {isa = PBXFileReference; lastKnownFileType = folder.assetcatalog; path = "Preview Assets.xcassets"; sourceTree = "<group>"; };
		4DBE1F9A23C328C900B8FD37 /* Base */ = {isa = PBXFileReference; lastKnownFileType = file.storyboard; name = Base; path = Base.lproj/LaunchScreen.storyboard; sourceTree = "<group>"; };
		4DBE1F9C23C328C900B8FD37 /* Info.plist */ = {isa = PBXFileReference; lastKnownFileType = text.plist.xml; path = Info.plist; sourceTree = "<group>"; };
		4DC8DBC023C3384B00BA1D91 /* NetworkManager.swift */ = {isa = PBXFileReference; lastKnownFileType = sourcecode.swift; path = NetworkManager.swift; sourceTree = "<group>"; };
		4DC8DBC223C339F800BA1D91 /* PostData.swift */ = {isa = PBXFileReference; lastKnownFileType = sourcecode.swift; path = PostData.swift; sourceTree = "<group>"; };
		4DC8DBC623C341CD00BA1D91 /* DetailView.swift */ = {isa = PBXFileReference; lastKnownFileType = sourcecode.swift; path = DetailView.swift; sourceTree = "<group>"; };
		4DC8DBC823C3458400BA1D91 /* WebView.swift */ = {isa = PBXFileReference; lastKnownFileType = sourcecode.swift; path = WebView.swift; sourceTree = "<group>"; };
/* End PBXFileReference section */

/* Begin PBXFrameworksBuildPhase section */
		4DBE1F8823C328C900B8FD37 /* Frameworks */ = {
			isa = PBXFrameworksBuildPhase;
			buildActionMask = 2147483647;
			files = (
			);
			runOnlyForDeploymentPostprocessing = 0;
		};
/* End PBXFrameworksBuildPhase section */

/* Begin PBXGroup section */
		4DBE1F8223C328C900B8FD37 = {
			isa = PBXGroup;
			children = (
				4DBE1F8D23C328C900B8FD37 /* H4X0R News */,
				4DBE1F8C23C328C900B8FD37 /* Products */,
			);
			sourceTree = "<group>";
		};
		4DBE1F8C23C328C900B8FD37 /* Products */ = {
			isa = PBXGroup;
			children = (
				4DBE1F8B23C328C900B8FD37 /* H4X0R News.app */,
			);
			name = Products;
			sourceTree = "<group>";
		};
		4DBE1F8D23C328C900B8FD37 /* H4X0R News */ = {
			isa = PBXGroup;
			children = (
				4DBE1F8E23C328C900B8FD37 /* AppDelegate.swift */,
				4DBE1F9023C328C900B8FD37 /* SceneDelegate.swift */,
				4DC8DBC523C341A000BA1D91 /* Views */,
				4DC8DBC423C33AA500BA1D91 /* Models */,
				4DBE1F9423C328C900B8FD37 /* Assets.xcassets */,
				4DBE1F9923C328C900B8FD37 /* LaunchScreen.storyboard */,
				4DBE1F9C23C328C900B8FD37 /* Info.plist */,
				4DBE1F9623C328C900B8FD37 /* Preview Content */,
			);
			path = "H4X0R News";
			sourceTree = "<group>";
		};
		4DBE1F9623C328C900B8FD37 /* Preview Content */ = {
			isa = PBXGroup;
			children = (
				4DBE1F9723C328C900B8FD37 /* Preview Assets.xcassets */,
			);
			path = "Preview Content";
			sourceTree = "<group>";
		};
		4DC8DBC423C33AA500BA1D91 /* Models */ = {
			isa = PBXGroup;
			children = (
				4DC8DBC023C3384B00BA1D91 /* NetworkManager.swift */,
				4DC8DBC223C339F800BA1D91 /* PostData.swift */,
			);
			path = Models;
			sourceTree = "<group>";
		};
		4DC8DBC523C341A000BA1D91 /* Views */ = {
			isa = PBXGroup;
			children = (
				4DBE1F9223C328C900B8FD37 /* ContentView.swift */,
				4DC8DBC623C341CD00BA1D91 /* DetailView.swift */,
				4DC8DBC823C3458400BA1D91 /* WebView.swift */,
			);
			path = Views;
			sourceTree = "<group>";
		};
/* End PBXGroup section */

/* Begin PBXNativeTarget section */
		4DBE1F8A23C328C900B8FD37 /* H4X0R News */ = {
			isa = PBXNativeTarget;
			buildConfigurationList = 4DBE1F9F23C328C900B8FD37 /* Build configuration list for PBXNativeTarget "H4X0R News" */;
			buildPhases = (
				4DBE1F8723C328C900B8FD37 /* Sources */,
				4DBE1F8823C328C900B8FD37 /* Frameworks */,
				4DBE1F8923C328C900B8FD37 /* Resources */,
			);
			buildRules = (
			);
			dependencies = (
			);
			name = "H4X0R News";
			productName = "H4X0R News";
			productReference = 4DBE1F8B23C328C900B8FD37 /* H4X0R News.app */;
			productType = "com.apple.product-type.application";
		};
/* End PBXNativeTarget section */

/* Begin PBXProject section */
		4DBE1F8323C328C900B8FD37 /* Project object */ = {
			isa = PBXProject;
			attributes = {
				LastSwiftUpdateCheck = 1130;
				LastUpgradeCheck = 1130;
				ORGANIZATIONNAME = RoughGears;
				TargetAttributes = {
					4DBE1F8A23C328C900B8FD37 = {
						CreatedOnToolsVersion = 11.3;
					};
				};
			};
			buildConfigurationList = 4DBE1F8623C328C900B8FD37 /* Build configuration list for PBXProject "H4X0R News" */;
			compatibilityVersion = "Xcode 9.3";
			developmentRegion = en;
			hasScannedForEncodings = 0;
			knownRegions = (
				en,
				Base,
			);
			mainGroup = 4DBE1F8223C328C900B8FD37;
			productRefGroup = 4DBE1F8C23C328C900B8FD37 /* Products */;
			projectDirPath = "";
			projectRoot = "";
			targets = (
				4DBE1F8A23C328C900B8FD37 /* H4X0R News */,
			);
		};
/* End PBXProject section */

/* Begin PBXResourcesBuildPhase section */
		4DBE1F8923C328C900B8FD37 /* Resources */ = {
			isa = PBXResourcesBuildPhase;
			buildActionMask = 2147483647;
			files = (
				4DBE1F9B23C328C900B8FD37 /* LaunchScreen.storyboard in Resources */,
				4DBE1F9823C328C900B8FD37 /* Preview Assets.xcassets in Resources */,
				4DBE1F9523C328C900B8FD37 /* Assets.xcassets in Resources */,
			);
			runOnlyForDeploymentPostprocessing = 0;
		};
/* End PBXResourcesBuildPhase section */

/* Begin PBXSourcesBuildPhase section */
		4DBE1F8723C328C900B8FD37 /* Sources */ = {
			isa = PBXSourcesBuildPhase;
			buildActionMask = 2147483647;
			files = (
				4DC8DBC323C339F800BA1D91 /* PostData.swift in Sources */,
				4DC8DBC723C341CD00BA1D91 /* DetailView.swift in Sources */,
				4DC8DBC123C3384B00BA1D91 /* NetworkManager.swift in Sources */,
				4DBE1F8F23C328C900B8FD37 /* AppDelegate.swift in Sources */,
				4DBE1F9123C328C900B8FD37 /* SceneDelegate.swift in Sources */,
				4DBE1F9323C328C900B8FD37 /* ContentView.swift in Sources */,
				4DC8DBC923C3458400BA1D91 /* WebView.swift in Sources */,
			);
			runOnlyForDeploymentPostprocessing = 0;
		};
/* End PBXSourcesBuildPhase section */

/* Begin PBXVariantGroup section */
		4DBE1F9923C328C900B8FD37 /* LaunchScreen.storyboard */ = {
			isa = PBXVariantGroup;
			children = (
				4DBE1F9A23C328C900B8FD37 /* Base */,
			);
			name = LaunchScreen.storyboard;
			sourceTree = "<group>";
		};
/* End PBXVariantGroup section */

/* Begin XCBuildConfiguration section */
		4DBE1F9D23C328C900B8FD37 /* Debug */ = {
			isa = XCBuildConfiguration;
			buildSettings = {
				ALWAYS_SEARCH_USER_PATHS = NO;
				CLANG_ANALYZER_NONNULL = YES;
				CLANG_ANALYZER_NUMBER_OBJECT_CONVERSION = YES_AGGRESSIVE;
				CLANG_CXX_LANGUAGE_STANDARD = "gnu++14";
				CLANG_CXX_LIBRARY = "libc++";
				CLANG_ENABLE_MODULES = YES;
				CLANG_ENABLE_OBJC_ARC = YES;
				CLANG_ENABLE_OBJC_WEAK = YES;
				CLANG_WARN_BLOCK_CAPTURE_AUTORELEASING = YES;
				CLANG_WARN_BOOL_CONVERSION = YES;
				CLANG_WARN_COMMA = YES;
				CLANG_WARN_CONSTANT_CONVERSION = YES;
				CLANG_WARN_DEPRECATED_OBJC_IMPLEMENTATIONS = YES;
				CLANG_WARN_DIRECT_OBJC_ISA_USAGE = YES_ERROR;
				CLANG_WARN_DOCUMENTATION_COMMENTS = YES;
				CLANG_WARN_EMPTY_BODY = YES;
				CLANG_WARN_ENUM_CONVERSION = YES;
				CLANG_WARN_INFINITE_RECURSION = YES;
				CLANG_WARN_INT_CONVERSION = YES;
				CLANG_WARN_NON_LITERAL_NULL_CONVERSION = YES;
				CLANG_WARN_OBJC_IMPLICIT_RETAIN_SELF = YES;
				CLANG_WARN_OBJC_LITERAL_CONVERSION = YES;
				CLANG_WARN_OBJC_ROOT_CLASS = YES_ERROR;
				CLANG_WARN_RANGE_LOOP_ANALYSIS = YES;
				CLANG_WARN_STRICT_PROTOTYPES = YES;
				CLANG_WARN_SUSPICIOUS_MOVE = YES;
				CLANG_WARN_UNGUARDED_AVAILABILITY = YES_AGGRESSIVE;
				CLANG_WARN_UNREACHABLE_CODE = YES;
				CLANG_WARN__DUPLICATE_METHOD_MATCH = YES;
				COPY_PHASE_STRIP = NO;
				DEBUG_INFORMATION_FORMAT = dwarf;
				ENABLE_STRICT_OBJC_MSGSEND = YES;
				ENABLE_TESTABILITY = YES;
				GCC_C_LANGUAGE_STANDARD = gnu11;
				GCC_DYNAMIC_NO_PIC = NO;
				GCC_NO_COMMON_BLOCKS = YES;
				GCC_OPTIMIZATION_LEVEL = 0;
				GCC_PREPROCESSOR_DEFINITIONS = (
					"DEBUG=1",
					"$(inherited)",
				);
				GCC_WARN_64_TO_32_BIT_CONVERSION = YES;
				GCC_WARN_ABOUT_RETURN_TYPE = YES_ERROR;
				GCC_WARN_UNDECLARED_SELECTOR = YES;
				GCC_WARN_UNINITIALIZED_AUTOS = YES_AGGRESSIVE;
				GCC_WARN_UNUSED_FUNCTION = YES;
				GCC_WARN_UNUSED_VARIABLE = YES;
				IPHONEOS_DEPLOYMENT_TARGET = 13.2;
				MTL_ENABLE_DEBUG_INFO = INCLUDE_SOURCE;
				MTL_FAST_MATH = YES;
				ONLY_ACTIVE_ARCH = YES;
				SDKROOT = iphoneos;
				SWIFT_ACTIVE_COMPILATION_CONDITIONS = DEBUG;
				SWIFT_OPTIMIZATION_LEVEL = "-Onone";
			};
			name = Debug;
		};
		4DBE1F9E23C328C900B8FD37 /* Release */ = {
			isa = XCBuildConfiguration;
			buildSettings = {
				ALWAYS_SEARCH_USER_PATHS = NO;
				CLANG_ANALYZER_NONNULL = YES;
				CLANG_ANALYZER_NUMBER_OBJECT_CONVERSION = YES_AGGRESSIVE;
				CLANG_CXX_LANGUAGE_STANDARD = "gnu++14";
				CLANG_CXX_LIBRARY = "libc++";
				CLANG_ENABLE_MODULES = YES;
				CLANG_ENABLE_OBJC_ARC = YES;
				CLANG_ENABLE_OBJC_WEAK = YES;
				CLANG_WARN_BLOCK_CAPTURE_AUTORELEASING = YES;
				CLANG_WARN_BOOL_CONVERSION = YES;
				CLANG_WARN_COMMA = YES;
				CLANG_WARN_CONSTANT_CONVERSION = YES;
				CLANG_WARN_DEPRECATED_OBJC_IMPLEMENTATIONS = YES;
				CLANG_WARN_DIRECT_OBJC_ISA_USAGE = YES_ERROR;
				CLANG_WARN_DOCUMENTATION_COMMENTS = YES;
				CLANG_WARN_EMPTY_BODY = YES;
				CLANG_WARN_ENUM_CONVERSION = YES;
				CLANG_WARN_INFINITE_RECURSION = YES;
				CLANG_WARN_INT_CONVERSION = YES;
				CLANG_WARN_NON_LITERAL_NULL_CONVERSION = YES;
				CLANG_WARN_OBJC_IMPLICIT_RETAIN_SELF = YES;
				CLANG_WARN_OBJC_LITERAL_CONVERSION = YES;
				CLANG_WARN_OBJC_ROOT_CLASS = YES_ERROR;
				CLANG_WARN_RANGE_LOOP_ANALYSIS = YES;
				CLANG_WARN_STRICT_PROTOTYPES = YES;
				CLANG_WARN_SUSPICIOUS_MOVE = YES;
				CLANG_WARN_UNGUARDED_AVAILABILITY = YES_AGGRESSIVE;
				CLANG_WARN_UNREACHABLE_CODE = YES;
				CLANG_WARN__DUPLICATE_METHOD_MATCH = YES;
				COPY_PHASE_STRIP = NO;
				DEBUG_INFORMATION_FORMAT = "dwarf-with-dsym";
				ENABLE_NS_ASSERTIONS = NO;
				ENABLE_STRICT_OBJC_MSGSEND = YES;
				GCC_C_LANGUAGE_STANDARD = gnu11;
				GCC_NO_COMMON_BLOCKS = YES;
				GCC_WARN_64_TO_32_BIT_CONVERSION = YES;
				GCC_WARN_ABOUT_RETURN_TYPE = YES_ERROR;
				GCC_WARN_UNDECLARED_SELECTOR = YES;
				GCC_WARN_UNINITIALIZED_AUTOS = YES_AGGRESSIVE;
				GCC_WARN_UNUSED_FUNCTION = YES;
				GCC_WARN_UNUSED_VARIABLE = YES;
				IPHONEOS_DEPLOYMENT_TARGET = 13.2;
				MTL_ENABLE_DEBUG_INFO = NO;
				MTL_FAST_MATH = YES;
				SDKROOT = iphoneos;
				SWIFT_COMPILATION_MODE = wholemodule;
				SWIFT_OPTIMIZATION_LEVEL = "-O";
				VALIDATE_PRODUCT = YES;
			};
			name = Release;
		};
		4DBE1FA023C328C900B8FD37 /* Debug */ = {
			isa = XCBuildConfiguration;
			buildSettings = {
				ASSETCATALOG_COMPILER_APPICON_NAME = AppIcon;
				CODE_SIGN_STYLE = Automatic;
				DEVELOPMENT_ASSET_PATHS = "\"H4X0R News/Preview Content\"";
				DEVELOPMENT_TEAM = "";
				ENABLE_PREVIEWS = YES;
				INFOPLIST_FILE = "H4X0R News/Info.plist";
				LD_RUNPATH_SEARCH_PATHS = (
					"$(inherited)",
					"@executable_path/Frameworks",
				);
				PRODUCT_BUNDLE_IDENTIFIER = "io.roughgears.swift.learn.by-angela-yu.17.H4X0R-News";
				PRODUCT_NAME = "$(TARGET_NAME)";
				SWIFT_VERSION = 5.0;
				TARGETED_DEVICE_FAMILY = "1,2";
			};
			name = Debug;
		};
		4DBE1FA123C328C900B8FD37 /* Release */ = {
			isa = XCBuildConfiguration;
			buildSettings = {
				ASSETCATALOG_COMPILER_APPICON_NAME = AppIcon;
				CODE_SIGN_STYLE = Automatic;
				DEVELOPMENT_ASSET_PATHS = "\"H4X0R News/Preview Content\"";
				DEVELOPMENT_TEAM = "";
				ENABLE_PREVIEWS = YES;
				INFOPLIST_FILE = "H4X0R News/Info.plist";
				LD_RUNPATH_SEARCH_PATHS = (
					"$(inherited)",
					"@executable_path/Frameworks",
				);
				PRODUCT_BUNDLE_IDENTIFIER = "io.roughgears.swift.learn.by-angela-yu.17.H4X0R-News";
				PRODUCT_NAME = "$(TARGET_NAME)";
				SWIFT_VERSION = 5.0;
				TARGETED_DEVICE_FAMILY = "1,2";
			};
			name = Release;
		};
/* End XCBuildConfiguration section */

/* Begin XCConfigurationList section */
		4DBE1F8623C328C900B8FD37 /* Build configuration list for PBXProject "H4X0R News" */ = {
			isa = XCConfigurationList;
			buildConfigurations = (
				4DBE1F9D23C328C900B8FD37 /* Debug */,
				4DBE1F9E23C328C900B8FD37 /* Release */,
			);
			defaultConfigurationIsVisible = 0;
			defaultConfigurationName = Release;
		};
		4DBE1F9F23C328C900B8FD37 /* Build configuration list for PBXNativeTarget "H4X0R News" */ = {
			isa = XCConfigurationList;
			buildConfigurations = (
				4DBE1FA023C328C900B8FD37 /* Debug */,
				4DBE1FA123C328C900B8FD37 /* Release */,
			);
			defaultConfigurationIsVisible = 0;
			defaultConfigurationName = Release;
		};
/* End XCConfigurationList section */
	};
	rootObject = 4DBE1F8323C328C900B8FD37 /* Project object */;
}
